
Microsoft Visual Studio Solution File, Format Version 12.00
# Visual Studio 15
VisualStudioVersion = 15.0.26730.8
MinimumVisualStudioVersion = 10.0.40219.1
Project("{FAE04EC0-301F-11D3-BF4B-00C04F79EFBC}") = "deletardiretorios", "deletardiretorios\deletardiretorios.csproj", "{103059EB-5F95-4CAD-80C3-8D42C741F896}"
EndProject
Global
	GlobalSection(SolutionConfigurationPlatforms) = preSolution
		Debug|Any CPU = Debug|Any CPU
		Release|Any CPU = Release|Any CPU
	EndGlobalSection
	GlobalSection(ProjectConfigurationPlatforms) = postSolution
		{103059EB-5F95-4CAD-80C3-8D42C741F896}.Debug|Any CPU.ActiveCfg = Debug|Any CPU
		{103059EB-5F95-4CAD-80C3-8D42C741F896}.Debug|Any CPU.Build.0 = Debug|Any CPU
		{103059EB-5F95-4CAD-80C3-8D42C741F896}.Release|Any CPU.ActiveCfg = Release|Any CPU
		{103059EB-5F95-4CAD-80C3-8D42C741F896}.Release|Any CPU.Build.0 = Release|Any CPU
	EndGlobalSection
	GlobalSection(SolutionProperties) = preSolution
		HideSolutionNode = FALSE
	EndGlobalSection
	GlobalSection(ExtensibilityGlobals) = postSolution
		SolutionGuid = {D32A4820-9FD6-4CE2-B317-55C5B6B083CD}
	EndGlobalSection
EndGlobal
